
Microsoft Visual Studio Solution File, Format Version 12.00
# Visual Studio 14
VisualStudioVersion = 14.0.25420.1
MinimumVisualStudioVersion = 10.0.40219.1
Project("{FAE04EC0-301F-11D3-BF4B-00C04F79EFBC}") = "Ark.StepRunner", "Ark.StepRunner\Ark.StepRunner.csproj", "{CD1D3CBF-F11D-40F8-A0E9-7D3860DBF112}"
EndProject
Project("{FAE04EC0-301F-11D3-BF4B-00C04F79EFBC}") = "Ark.StepRunner.UnitTests", "Ark.StepRunner.UnitTests\Ark.StepRunner.UnitTests.csproj", "{2EDBFA49-2898-4870-BE6B-8005140A354C}"
EndProject
Global
	GlobalSection(SolutionConfigurationPlatforms) = preSolution
		Debug|Any CPU = Debug|Any CPU
		Release|Any CPU = Release|Any CPU
	EndGlobalSection
	GlobalSection(ProjectConfigurationPlatforms) = postSolution
		{CD1D3CBF-F11D-40F8-A0E9-7D3860DBF112}.Debug|Any CPU.ActiveCfg = Debug|Any CPU
		{CD1D3CBF-F11D-40F8-A0E9-7D3860DBF112}.Debug|Any CPU.Build.0 = Debug|Any CPU
		{CD1D3CBF-F11D-40F8-A0E9-7D3860DBF112}.Release|Any CPU.ActiveCfg = Release|Any CPU
		{CD1D3CBF-F11D-40F8-A0E9-7D3860DBF112}.Release|Any CPU.Build.0 = Release|Any CPU
		{2EDBFA49-2898-4870-BE6B-8005140A354C}.Debug|Any CPU.ActiveCfg = Debug|Any CPU
		{2EDBFA49-2898-4870-BE6B-8005140A354C}.Debug|Any CPU.Build.0 = Debug|Any CPU
		{2EDBFA49-2898-4870-BE6B-8005140A354C}.Release|Any CPU.ActiveCfg = Release|Any CPU
		{2EDBFA49-2898-4870-BE6B-8005140A354C}.Release|Any CPU.Build.0 = Release|Any CPU
	EndGlobalSection
	GlobalSection(SolutionProperties) = preSolution
		HideSolutionNode = FALSE
	EndGlobalSection
EndGlobal
